
Microsoft Visual Studio Solution File, Format Version 12.00
# Visual Studio Express 14 for Windows Desktop
VisualStudioVersion = 14.0.23107.0
MinimumVisualStudioVersion = 10.0.40219.1
Project("{F184B08F-C81C-45F6-A57F-5ABD9991F28F}") = "GitHub Test", "GitHub Test\GitHub Test.vbproj", "{2DD905AD-7705-49A3-9065-8258229DD9D9}"
EndProject
Global
	GlobalSection(SolutionConfigurationPlatforms) = preSolution
		Debug|Any CPU = Debug|Any CPU
		Release|Any CPU = Release|Any CPU
	EndGlobalSection
	GlobalSection(ProjectConfigurationPlatforms) = postSolution
		{2DD905AD-7705-49A3-9065-8258229DD9D9}.Debug|Any CPU.ActiveCfg = Debug|Any CPU
		{2DD905AD-7705-49A3-9065-8258229DD9D9}.Debug|Any CPU.Build.0 = Debug|Any CPU
		{2DD905AD-7705-49A3-9065-8258229DD9D9}.Release|Any CPU.ActiveCfg = Release|Any CPU
		{2DD905AD-7705-49A3-9065-8258229DD9D9}.Release|Any CPU.Build.0 = Release|Any CPU
	EndGlobalSection
	GlobalSection(SolutionProperties) = preSolution
		HideSolutionNode = FALSE
	EndGlobalSection
EndGlobal
